{
  "object": {
    "pins": [
      {
        "package": "Amplitude-Swift",
        "repositoryURL": "https://github.com/amplitude/Amplitude-Swift",
        "state": {
          "branch": null,
          "revision": "07b14d5ee0d1c3fadabd9fea08705a3220f39f84",
          "version": "0.4.7"
        }
      },
      {
        "package": "AppLovinSDK",
        "repositoryURL": "https://github.com/AppLovin/AppLovin-MAX-Swift-Package.git",
        "state": {
          "branch": null,
          "revision": "ca9a0d31a5ac9faf7abc9627c0994672d2cddabd",
          "version": "11.11.1"
        }
      },
      {
        "package": "KovaleeSDK",
        "repositoryURL": "https://github.com/cotyapps/Kovalee-iOS-SDK",
        "state": {
          "branch": null,
          "revision": "c4fe6101a1d9fd16acd8da92561fb5aa4a9ac8a7",
          "version": "1.2.0"
        }
      }
    ]
  },
  "version": 1
}
